{
    "name": "voko-grundo",
    "version": "2.0.10",
    "lockfileVersion": 2,
    "requires": true,
    "packages": {
        "": {
            "name": "voko-grundo",
            "version": "2.0.10",
            "license": "GPL 2.0",
            "dependencies": {
                "@sutton-signwriting/font-ttf": "^1.5.2",
                "esbuild": "0.18.3",
                "typescript": "5.1.3"
            },
            "devDependencies": {
                "cssmin": "latest",
                "localforage": "latest",
                "typedoc": "^0.24.8"
            }
        },
        "node_modules/@esbuild/android-arm": {
            "version": "0.18.3",
            "resolved": "https://registry.npmjs.org/@esbuild/android-arm/-/android-arm-0.18.3.tgz",
            "integrity": "sha512-QOn3VIlL6Qv1eHBpQB/s7simaZgGss2ASyxDOwYSLmc6vD0uuizZkuYawHmuLjWEm5wPwp0JQWhbpaYwwGevYw==",
            "cpu": [
                "arm"
            ],
            "optional": true,
            "os": [
                "android"
            ],
            "engines": {
                "node": ">=12"
            }
        },
        "node_modules/@esbuild/android-arm64": {
            "version": "0.18.3",
            "resolved": "https://registry.npmjs.org/@esbuild/android-arm64/-/android-arm64-0.18.3.tgz",
            "integrity": "sha512-PgabCsoaEEnnOiF6rUhOBXgYoLFIrHWP6mfLOzuQ1oZ1lwBdTL0hp5ivC4K3Kvz3BD8EipjeQo6l0aty3nr4qQ==",
            "cpu": [
                "arm64"
            ],
            "optional": true,
            "os": [
                "android"
            ],
            "engines": {
                "node": ">=12"
            }
        },
        "node_modules/@esbuild/android-x64": {
            "version": "0.18.3",
            "resolved": "https://registry.npmjs.org/@esbuild/android-x64/-/android-x64-0.18.3.tgz",
            "integrity": "sha512-1OkJf8wNX1W5ucbp5HrK+z42b9DINb4ix59oJH/PIsh9cyFMqjgRKtCBXg0zEWhkmP1k3egdfrnS7cDTpLH43g==",
            "cpu": [
                "x64"
            ],
            "optional": true,
            "os": [
                "android"
            ],
            "engines": {
                "node": ">=12"
            }
        },
        "node_modules/@esbuild/darwin-arm64": {
            "version": "0.18.3",
            "resolved": "https://registry.npmjs.org/@esbuild/darwin-arm64/-/darwin-arm64-0.18.3.tgz",
            "integrity": "sha512-57aofORpY7wDAuMs6DeqpmgSnVfZ63RgGbR/BHdOSTqJgYvHDCMY7/o1myFntl3k0YxtLE3WAm56nMf4qy3UDw==",
            "cpu": [
                "arm64"
            ],
            "optional": true,
            "os": [
                "darwin"
            ],
            "engines": {
                "node": ">=12"
            }
        },
        "node_modules/@esbuild/darwin-x64": {
            "version": "0.18.3",
            "resolved": "https://registry.npmjs.org/@esbuild/darwin-x64/-/darwin-x64-0.18.3.tgz",
            "integrity": "sha512-NVBqMnxT9qvgu7Z322LUDlwjh4GDk6wEePyAQnHF9noxik/WvLFmr5v3Vgz5LSvqFducLCxsdmLztKhdpFW0Gg==",
            "cpu": [
                "x64"
            ],
            "optional": true,
            "os": [
                "darwin"
            ],
            "engines": {
                "node": ">=12"
            }
        },
        "node_modules/@esbuild/freebsd-arm64": {
            "version": "0.18.3",
            "resolved": "https://registry.npmjs.org/@esbuild/freebsd-arm64/-/freebsd-arm64-0.18.3.tgz",
            "integrity": "sha512-XiLK1AsCk2wKxN7j8h9GXXCs8FPZhp07U0rnpwRkAVSVGgLaIWYSqpTRzKjAfqJiZlp+XKo1HwsmDdICEKB3Dg==",
            "cpu": [
                "arm64"
            ],
            "optional": true,
            "os": [
                "freebsd"
            ],
            "engines": {
                "node": ">=12"
            }
        },
        "node_modules/@esbuild/freebsd-x64": {
            "version": "0.18.3",
            "resolved": "https://registry.npmjs.org/@esbuild/freebsd-x64/-/freebsd-x64-0.18.3.tgz",
            "integrity": "sha512-xyITfrF0G3l1gwR79hvNCCWKQ/16uK14xNNPFgzjbIqF4EpBvhO6l3jrWxXFUW51z6dVIl2Szh3x3uIbBWzH1Q==",
            "cpu": [
                "x64"
            ],
            "optional": true,
            "os": [
                "freebsd"
            ],
            "engines": {
                "node": ">=12"
            }
        },
        "node_modules/@esbuild/linux-arm": {
            "version": "0.18.3",
            "resolved": "https://registry.npmjs.org/@esbuild/linux-arm/-/linux-arm-0.18.3.tgz",
            "integrity": "sha512-fc/T0QHMzvmnlF+kfD6bHLB8u+17gg13260p/E86yYjVoKNFjonL/+Y0GGQjMbFUas9QijqOa7pcR00a9RNkwg==",
            "cpu": [
                "arm"
            ],
            "optional": true,
            "os": [
                "linux"
            ],
            "engines": {
                "node": ">=12"
            }
        },
        "node_modules/@esbuild/linux-arm64": {
            "version": "0.18.3",
            "resolved": "https://registry.npmjs.org/@esbuild/linux-arm64/-/linux-arm64-0.18.3.tgz",
            "integrity": "sha512-lsKUYVd8L/j2uNs8dhMjMsKC5MHYh77gR9EThu7YCeeFz1XpIkx1I4a7mhoVfPS2VPVD1pMCh+PgxuAHUcEmXw==",
            "cpu": [
                "arm64"
            ],
            "optional": true,
            "os": [
                "linux"
            ],
            "engines": {
                "node": ">=12"
            }
        },
        "node_modules/@esbuild/linux-ia32": {
            "version": "0.18.3",
            "resolved": "https://registry.npmjs.org/@esbuild/linux-ia32/-/linux-ia32-0.18.3.tgz",
            "integrity": "sha512-EyfGWeOwRqK5Xj18vok0qv8IFBZ1/+hKV+cqD44oVhGsxHo9TmPtoSiDrWn8Sa2swq/VuO5Aiog6YPDj81oIkA==",
            "cpu": [
                "ia32"
            ],
            "optional": true,
            "os": [
                "linux"
            ],
            "engines": {
                "node": ">=12"
            }
        },
        "node_modules/@esbuild/linux-loong64": {
            "version": "0.18.3",
            "resolved": "https://registry.npmjs.org/@esbuild/linux-loong64/-/linux-loong64-0.18.3.tgz",
            "integrity": "sha512-PwXkcl3t0kSeYH5RuJIeh/fHOzKZd+ZdifAWzpVO+9TLWArutTFBJvOSkTZ3CcqQqNrTj1Qyo6nqE8MQj/a7cQ==",
            "cpu": [
                "loong64"
            ],
            "optional": true,
            "os": [
                "linux"
            ],
            "engines": {
                "node": ">=12"
            }
        },
        "node_modules/@esbuild/linux-mips64el": {
            "version": "0.18.3",
            "resolved": "https://registry.npmjs.org/@esbuild/linux-mips64el/-/linux-mips64el-0.18.3.tgz",
            "integrity": "sha512-CRVkkSXf5GQcq7Am2a2tdIn85oqi/bkjuPvhNqcdeTgI0xgNbqLnEPRy2AEGkRuaJWB5uCX1IC4sqnY8ET14Yg==",
            "cpu": [
                "mips64el"
            ],
            "optional": true,
            "os": [
                "linux"
            ],
            "engines": {
                "node": ">=12"
            }
        },
        "node_modules/@esbuild/linux-ppc64": {
            "version": "0.18.3",
            "resolved": "https://registry.npmjs.org/@esbuild/linux-ppc64/-/linux-ppc64-0.18.3.tgz",
            "integrity": "sha512-t7zK1Cheh0xvzfZbimztiE0wGnpV+YRsBg3tefcEBN3O4GzgLu6fFpA5HxEyVm3hHZW1jAC4OhoGEp7C5Ii6Eg==",
            "cpu": [
                "ppc64"
            ],
            "optional": true,
            "os": [
                "linux"
            ],
            "engines": {
                "node": ">=12"
            }
        },
        "node_modules/@esbuild/linux-riscv64": {
            "version": "0.18.3",
            "resolved": "https://registry.npmjs.org/@esbuild/linux-riscv64/-/linux-riscv64-0.18.3.tgz",
            "integrity": "sha512-fUZPtyCYih6y4lDYdSM4Yoax4nS7aH0/XixJStys+9tfp5cAlIAZhEVKOOdeGXmQn0IEyiUtlIsPnfObbeDQfQ==",
            "cpu": [
                "riscv64"
            ],
            "optional": true,
            "os": [
                "linux"
            ],
            "engines": {
                "node": ">=12"
            }
        },
        "node_modules/@esbuild/linux-s390x": {
            "version": "0.18.3",
            "resolved": "https://registry.npmjs.org/@esbuild/linux-s390x/-/linux-s390x-0.18.3.tgz",
            "integrity": "sha512-oIcK2LqHWqfMERqjvaKJ3QJmycHn723HsXIv5gH4iGfmePfSj+gi0ZQv2h4bHUg2bs2gJtV0DlIjGhEuvdgxLw==",
            "cpu": [
                "s390x"
            ],
            "optional": true,
            "os": [
                "linux"
            ],
            "engines": {
                "node": ">=12"
            }
        },
        "node_modules/@esbuild/linux-x64": {
            "version": "0.18.3",
            "resolved": "https://registry.npmjs.org/@esbuild/linux-x64/-/linux-x64-0.18.3.tgz",
            "integrity": "sha512-RW9lpfZ6XZ6f5to2DJPvt0f/4RXEW229Xf++quVoW+YbnPrcapIJChtD/AmZ8cK3hglO/hXxJjs21pV0/l7L5w==",
            "cpu": [
                "x64"
            ],
            "optional": true,
            "os": [
                "linux"
            ],
            "engines": {
                "node": ">=12"
            }
        },
        "node_modules/@esbuild/netbsd-x64": {
            "version": "0.18.3",
            "resolved": "https://registry.npmjs.org/@esbuild/netbsd-x64/-/netbsd-x64-0.18.3.tgz",
            "integrity": "sha512-piZ2oBoaq58pKZvhgdV6PemlL30Uhd9GmmOkIGZYgChwNcyVSSl6iMEJxMzU7x44Lk9q+hJ6a343M/iVEMEvxA==",
            "cpu": [
                "x64"
            ],
            "optional": true,
            "os": [
                "netbsd"
            ],
            "engines": {
                "node": ">=12"
            }
        },
        "node_modules/@esbuild/openbsd-x64": {
            "version": "0.18.3",
            "resolved": "https://registry.npmjs.org/@esbuild/openbsd-x64/-/openbsd-x64-0.18.3.tgz",
            "integrity": "sha512-vaMfouYTz/4tKdQsXDccqhV6wgPEr+hfuxdNU5Pl/vQxYTsqcXv5DYEa5Z1RAxCoua5aEB+Uj5V7VT/bM92wxw==",
            "cpu": [
                "x64"
            ],
            "optional": true,
            "os": [
                "openbsd"
            ],
            "engines": {
                "node": ">=12"
            }
        },
        "node_modules/@esbuild/sunos-x64": {
            "version": "0.18.3",
            "resolved": "https://registry.npmjs.org/@esbuild/sunos-x64/-/sunos-x64-0.18.3.tgz",
            "integrity": "sha512-Fa3rNQQ9q1qwy9u2cdDvuGKy3jmPnPPMDdyy/qbn5d395Pb9hjLYiPzX9BozXMPJDlCNofSY7jN3miM9gyAdHA==",
            "cpu": [
                "x64"
            ],
            "optional": true,
            "os": [
                "sunos"
            ],
            "engines": {
                "node": ">=12"
            }
        },
        "node_modules/@esbuild/win32-arm64": {
            "version": "0.18.3",
            "resolved": "https://registry.npmjs.org/@esbuild/win32-arm64/-/win32-arm64-0.18.3.tgz",
            "integrity": "sha512-LPJC8ub+9uzyC6ygVmp00dAqet1q1DsZ/OldGIIBt+y+Ctd1OfnKNlzQgXK8nxwY1G8fAhklFSeSRRgAUJnR0w==",
            "cpu": [
                "arm64"
            ],
            "optional": true,
            "os": [
                "win32"
            ],
            "engines": {
                "node": ">=12"
            }
        },
        "node_modules/@esbuild/win32-ia32": {
            "version": "0.18.3",
            "resolved": "https://registry.npmjs.org/@esbuild/win32-ia32/-/win32-ia32-0.18.3.tgz",
            "integrity": "sha512-WtUyRspyxZR6NTc2HG4xd9Wvz8lP4C6OUY1gAqisrf151HvXIxsK0mfAacFJNS7EN2wvPTgjP+SM8vgBOx5+zA==",
            "cpu": [
                "ia32"
            ],
            "optional": true,
            "os": [
                "win32"
            ],
            "engines": {
                "node": ">=12"
            }
        },
        "node_modules/@esbuild/win32-x64": {
            "version": "0.18.3",
            "resolved": "https://registry.npmjs.org/@esbuild/win32-x64/-/win32-x64-0.18.3.tgz",
            "integrity": "sha512-Z8qCK4BkBm40j5KUM4NrkxYQS0R12cBO1NBVtI4vws6uwh1n/VaNu31Hm+n2cJUWdFbfH57PBghkhm9yLgmPfw==",
            "cpu": [
                "x64"
            ],
            "optional": true,
            "os": [
                "win32"
            ],
            "engines": {
                "node": ">=12"
            }
        },
        "node_modules/@sutton-signwriting/core": {
            "version": "1.6.0",
            "resolved": "https://registry.npmjs.org/@sutton-signwriting/core/-/core-1.6.0.tgz",
            "integrity": "sha512-w4saQd4A9mnAvbrMWMARZwezmtMK82N9pwMUFByJeitkmz/3dknRk1fSCvIvLOl6ENnSP0ZaxFG2v1g/ZugD4w=="
        },
        "node_modules/@sutton-signwriting/font-ttf": {
            "version": "1.5.2",
            "resolved": "https://registry.npmjs.org/@sutton-signwriting/font-ttf/-/font-ttf-1.5.2.tgz",
            "integrity": "sha512-7HxmpE8d2PJD4xUJNn0quOfzqBsaIkvEkgsh7CpEs+7xRRwi0OdLeba0R2RR9NBzX0gKFCwzNn8ufqYNR3D8Dg==",
            "dependencies": {
                "@sutton-signwriting/core": "^1.5.6"
            }
        },
        "node_modules/ansi-sequence-parser": {
            "version": "1.1.0",
            "resolved": "https://registry.npmjs.org/ansi-sequence-parser/-/ansi-sequence-parser-1.1.0.tgz",
            "integrity": "sha512-lEm8mt52to2fT8GhciPCGeCXACSz2UwIN4X2e2LJSnZ5uAbn2/dsYdOmUXq0AtWS5cpAupysIneExOgH0Vd2TQ==",
            "dev": true
        },
        "node_modules/balanced-match": {
            "version": "1.0.2",
            "resolved": "https://registry.npmjs.org/balanced-match/-/balanced-match-1.0.2.tgz",
            "integrity": "sha512-3oSeUO0TMV67hN1AmbXsK4yaqU7tjiHlbxRDZOpH0KW9+CeX4bRAaX0Anxt0tx2MrpRpWwQaPwIlISEJhYU5Pw==",
            "dev": true
        },
        "node_modules/cssmin": {
            "version": "0.4.3",
            "resolved": "https://registry.npmjs.org/cssmin/-/cssmin-0.4.3.tgz",
            "integrity": "sha512-A0hOtBUV5dPB/gRKsLZsqoyeFHuKIWCXdumFdsK/0nlhwK1NRZHwtm0svdTA4uEpixZD+o0xs7MirNsG2X1JBg==",
            "dev": true,
            "bin": {
                "cssmin": "bin/cssmin"
            }
        },
        "node_modules/esbuild": {
            "version": "0.18.3",
            "resolved": "https://registry.npmjs.org/esbuild/-/esbuild-0.18.3.tgz",
            "integrity": "sha512-eadWJC4CRpj93+miO5ZBlvCv+m2x6pzyNBznTvUeLFObMmxs1IMd8cCf6qiDVEZuDL6W8W7u+ZNW3GKEfOdDsA==",
            "hasInstallScript": true,
            "bin": {
                "esbuild": "bin/esbuild"
            },
            "engines": {
                "node": ">=12"
            },
            "optionalDependencies": {
                "@esbuild/android-arm": "0.18.3",
                "@esbuild/android-arm64": "0.18.3",
                "@esbuild/android-x64": "0.18.3",
                "@esbuild/darwin-arm64": "0.18.3",
                "@esbuild/darwin-x64": "0.18.3",
                "@esbuild/freebsd-arm64": "0.18.3",
                "@esbuild/freebsd-x64": "0.18.3",
                "@esbuild/linux-arm": "0.18.3",
                "@esbuild/linux-arm64": "0.18.3",
                "@esbuild/linux-ia32": "0.18.3",
                "@esbuild/linux-loong64": "0.18.3",
                "@esbuild/linux-mips64el": "0.18.3",
                "@esbuild/linux-ppc64": "0.18.3",
                "@esbuild/linux-riscv64": "0.18.3",
                "@esbuild/linux-s390x": "0.18.3",
                "@esbuild/linux-x64": "0.18.3",
                "@esbuild/netbsd-x64": "0.18.3",
                "@esbuild/openbsd-x64": "0.18.3",
                "@esbuild/sunos-x64": "0.18.3",
                "@esbuild/win32-arm64": "0.18.3",
                "@esbuild/win32-ia32": "0.18.3",
                "@esbuild/win32-x64": "0.18.3"
            }
        },
        "node_modules/immediate": {
            "version": "3.0.6",
            "resolved": "https://registry.npmjs.org/immediate/-/immediate-3.0.6.tgz",
            "integrity": "sha512-XXOFtyqDjNDAQxVfYxuF7g9Il/IbWmmlQg2MYKOH8ExIT1qg6xc4zyS3HaEEATgs1btfzxq15ciUiY7gjSXRGQ==",
            "dev": true
        },
        "node_modules/jsonc-parser": {
            "version": "3.2.0",
            "resolved": "https://registry.npmjs.org/jsonc-parser/-/jsonc-parser-3.2.0.tgz",
            "integrity": "sha512-gfFQZrcTc8CnKXp6Y4/CBT3fTc0OVuDofpre4aEeEpSBPV5X5v4+Vmx+8snU7RLPrNHPKSgLxGo9YuQzz20o+w==",
            "dev": true
        },
        "node_modules/lie": {
            "version": "3.1.1",
            "resolved": "https://registry.npmjs.org/lie/-/lie-3.1.1.tgz",
            "integrity": "sha512-RiNhHysUjhrDQntfYSfY4MU24coXXdEOgw9WGcKHNeEwffDYbF//u87M1EWaMGzuFoSbqW0C9C6lEEhDOAswfw==",
            "dev": true,
            "dependencies": {
                "immediate": "~3.0.5"
            }
        },
        "node_modules/localforage": {
            "version": "1.10.0",
            "resolved": "https://registry.npmjs.org/localforage/-/localforage-1.10.0.tgz",
            "integrity": "sha512-14/H1aX7hzBBmmh7sGPd+AOMkkIrHM3Z1PAyGgZigA1H1p5O5ANnMyWzvpAETtG68/dC4pC0ncy3+PPGzXZHPg==",
            "dev": true,
            "dependencies": {
                "lie": "3.1.1"
            }
        },
        "node_modules/lunr": {
            "version": "2.3.9",
            "resolved": "https://registry.npmjs.org/lunr/-/lunr-2.3.9.tgz",
            "integrity": "sha512-zTU3DaZaF3Rt9rhN3uBMGQD3dD2/vFQqnvZCDv4dl5iOzq2IZQqTxu90r4E5J+nP70J3ilqVCrbho2eWaeW8Ow==",
            "dev": true
        },
        "node_modules/marked": {
            "version": "4.3.0",
            "resolved": "https://registry.npmjs.org/marked/-/marked-4.3.0.tgz",
            "integrity": "sha512-PRsaiG84bK+AMvxziE/lCFss8juXjNaWzVbN5tXAm4XjeaS9NAHhop+PjQxz2A9h8Q4M/xGmzP8vqNwy6JeK0A==",
            "dev": true,
            "bin": {
                "marked": "bin/marked.js"
            },
            "engines": {
                "node": ">= 12"
            }
        },
        "node_modules/shiki": {
            "version": "0.14.2",
            "resolved": "https://registry.npmjs.org/shiki/-/shiki-0.14.2.tgz",
            "integrity": "sha512-ltSZlSLOuSY0M0Y75KA+ieRaZ0Trf5Wl3gutE7jzLuIcWxLp5i/uEnLoQWNvgKXQ5OMpGkJnVMRLAuzjc0LJ2A==",
            "dev": true,
            "dependencies": {
                "ansi-sequence-parser": "^1.1.0",
                "jsonc-parser": "^3.2.0",
                "vscode-oniguruma": "^1.7.0",
                "vscode-textmate": "^8.0.0"
            }
        },
        "node_modules/typedoc": {
            "version": "0.24.8",
            "resolved": "https://registry.npmjs.org/typedoc/-/typedoc-0.24.8.tgz",
            "integrity": "sha512-ahJ6Cpcvxwaxfu4KtjA8qZNqS43wYt6JL27wYiIgl1vd38WW/KWX11YuAeZhuz9v+ttrutSsgK+XO1CjL1kA3w==",
            "dev": true,
            "dependencies": {
                "lunr": "^2.3.9",
                "marked": "^4.3.0",
                "minimatch": "^9.0.0",
                "shiki": "^0.14.1"
            },
            "bin": {
                "typedoc": "bin/typedoc"
            },
            "engines": {
                "node": ">= 14.14"
            },
            "peerDependencies": {
                "typescript": "4.6.x || 4.7.x || 4.8.x || 4.9.x || 5.0.x || 5.1.x"
            }
        },
        "node_modules/typedoc/node_modules/brace-expansion": {
            "version": "2.0.1",
            "resolved": "https://registry.npmjs.org/brace-expansion/-/brace-expansion-2.0.1.tgz",
            "integrity": "sha512-XnAIvQ8eM+kC6aULx6wuQiwVsnzsi9d3WxzV3FpWTGA19F621kwdbsAcFKXgKUHZWsy+mY6iL1sHTxWEFCytDA==",
            "dev": true,
            "dependencies": {
                "balanced-match": "^1.0.0"
            }
        },
        "node_modules/typedoc/node_modules/minimatch": {
            "version": "9.0.1",
            "resolved": "https://registry.npmjs.org/minimatch/-/minimatch-9.0.1.tgz",
            "integrity": "sha512-0jWhJpD/MdhPXwPuiRkCbfYfSKp2qnn2eOc279qI7f+osl/l+prKSrvhg157zSYvx/1nmgn2NqdT6k2Z7zSH9w==",
            "dev": true,
            "dependencies": {
                "brace-expansion": "^2.0.1"
            },
            "engines": {
                "node": ">=16 || 14 >=14.17"
            },
            "funding": {
                "url": "https://github.com/sponsors/isaacs"
            }
        },
        "node_modules/typescript": {
            "version": "5.1.3",
            "resolved": "https://registry.npmjs.org/typescript/-/typescript-5.1.3.tgz",
            "integrity": "sha512-XH627E9vkeqhlZFQuL+UsyAXEnibT0kWR2FWONlr4sTjvxyJYnyefgrkyECLzM5NenmKzRAy2rR/OlYLA1HkZw==",
            "bin": {
                "tsc": "bin/tsc",
                "tsserver": "bin/tsserver"
            },
            "engines": {
                "node": ">=14.17"
            }
        },
        "node_modules/vscode-oniguruma": {
            "version": "1.7.0",
            "resolved": "https://registry.npmjs.org/vscode-oniguruma/-/vscode-oniguruma-1.7.0.tgz",
            "integrity": "sha512-L9WMGRfrjOhgHSdOYgCt/yRMsXzLDJSL7BPrOZt73gU0iWO4mpqzqQzOz5srxqTvMBaR0XZTSrVWo4j55Rc6cA==",
            "dev": true
        },
        "node_modules/vscode-textmate": {
            "version": "8.0.0",
            "resolved": "https://registry.npmjs.org/vscode-textmate/-/vscode-textmate-8.0.0.tgz",
            "integrity": "sha512-AFbieoL7a5LMqcnOF04ji+rpXadgOXnZsxQr//r83kLPr7biP7am3g9zbaZIaBGwBRWeSvoMD4mgPdX3e4NWBg==",
            "dev": true
        }
    },
    "dependencies": {
        "@esbuild/android-arm": {
            "version": "0.18.3",
            "resolved": "https://registry.npmjs.org/@esbuild/android-arm/-/android-arm-0.18.3.tgz",
            "integrity": "sha512-QOn3VIlL6Qv1eHBpQB/s7simaZgGss2ASyxDOwYSLmc6vD0uuizZkuYawHmuLjWEm5wPwp0JQWhbpaYwwGevYw==",
            "optional": true
        },
        "@esbuild/android-arm64": {
            "version": "0.18.3",
            "resolved": "https://registry.npmjs.org/@esbuild/android-arm64/-/android-arm64-0.18.3.tgz",
            "integrity": "sha512-PgabCsoaEEnnOiF6rUhOBXgYoLFIrHWP6mfLOzuQ1oZ1lwBdTL0hp5ivC4K3Kvz3BD8EipjeQo6l0aty3nr4qQ==",
            "optional": true
        },
        "@esbuild/android-x64": {
            "version": "0.18.3",
            "resolved": "https://registry.npmjs.org/@esbuild/android-x64/-/android-x64-0.18.3.tgz",
            "integrity": "sha512-1OkJf8wNX1W5ucbp5HrK+z42b9DINb4ix59oJH/PIsh9cyFMqjgRKtCBXg0zEWhkmP1k3egdfrnS7cDTpLH43g==",
            "optional": true
        },
        "@esbuild/darwin-arm64": {
            "version": "0.18.3",
            "resolved": "https://registry.npmjs.org/@esbuild/darwin-arm64/-/darwin-arm64-0.18.3.tgz",
            "integrity": "sha512-57aofORpY7wDAuMs6DeqpmgSnVfZ63RgGbR/BHdOSTqJgYvHDCMY7/o1myFntl3k0YxtLE3WAm56nMf4qy3UDw==",
            "optional": true
        },
        "@esbuild/darwin-x64": {
            "version": "0.18.3",
            "resolved": "https://registry.npmjs.org/@esbuild/darwin-x64/-/darwin-x64-0.18.3.tgz",
            "integrity": "sha512-NVBqMnxT9qvgu7Z322LUDlwjh4GDk6wEePyAQnHF9noxik/WvLFmr5v3Vgz5LSvqFducLCxsdmLztKhdpFW0Gg==",
            "optional": true
        },
        "@esbuild/freebsd-arm64": {
            "version": "0.18.3",
            "resolved": "https://registry.npmjs.org/@esbuild/freebsd-arm64/-/freebsd-arm64-0.18.3.tgz",
            "integrity": "sha512-XiLK1AsCk2wKxN7j8h9GXXCs8FPZhp07U0rnpwRkAVSVGgLaIWYSqpTRzKjAfqJiZlp+XKo1HwsmDdICEKB3Dg==",
            "optional": true
        },
        "@esbuild/freebsd-x64": {
            "version": "0.18.3",
            "resolved": "https://registry.npmjs.org/@esbuild/freebsd-x64/-/freebsd-x64-0.18.3.tgz",
            "integrity": "sha512-xyITfrF0G3l1gwR79hvNCCWKQ/16uK14xNNPFgzjbIqF4EpBvhO6l3jrWxXFUW51z6dVIl2Szh3x3uIbBWzH1Q==",
            "optional": true
        },
        "@esbuild/linux-arm": {
            "version": "0.18.3",
            "resolved": "https://registry.npmjs.org/@esbuild/linux-arm/-/linux-arm-0.18.3.tgz",
            "integrity": "sha512-fc/T0QHMzvmnlF+kfD6bHLB8u+17gg13260p/E86yYjVoKNFjonL/+Y0GGQjMbFUas9QijqOa7pcR00a9RNkwg==",
            "optional": true
        },
        "@esbuild/linux-arm64": {
            "version": "0.18.3",
            "resolved": "https://registry.npmjs.org/@esbuild/linux-arm64/-/linux-arm64-0.18.3.tgz",
            "integrity": "sha512-lsKUYVd8L/j2uNs8dhMjMsKC5MHYh77gR9EThu7YCeeFz1XpIkx1I4a7mhoVfPS2VPVD1pMCh+PgxuAHUcEmXw==",
            "optional": true
        },
        "@esbuild/linux-ia32": {
            "version": "0.18.3",
            "resolved": "https://registry.npmjs.org/@esbuild/linux-ia32/-/linux-ia32-0.18.3.tgz",
            "integrity": "sha512-EyfGWeOwRqK5Xj18vok0qv8IFBZ1/+hKV+cqD44oVhGsxHo9TmPtoSiDrWn8Sa2swq/VuO5Aiog6YPDj81oIkA==",
            "optional": true
        },
        "@esbuild/linux-loong64": {
            "version": "0.18.3",
            "resolved": "https://registry.npmjs.org/@esbuild/linux-loong64/-/linux-loong64-0.18.3.tgz",
            "integrity": "sha512-PwXkcl3t0kSeYH5RuJIeh/fHOzKZd+ZdifAWzpVO+9TLWArutTFBJvOSkTZ3CcqQqNrTj1Qyo6nqE8MQj/a7cQ==",
            "optional": true
        },
        "@esbuild/linux-mips64el": {
            "version": "0.18.3",
            "resolved": "https://registry.npmjs.org/@esbuild/linux-mips64el/-/linux-mips64el-0.18.3.tgz",
            "integrity": "sha512-CRVkkSXf5GQcq7Am2a2tdIn85oqi/bkjuPvhNqcdeTgI0xgNbqLnEPRy2AEGkRuaJWB5uCX1IC4sqnY8ET14Yg==",
            "optional": true
        },
        "@esbuild/linux-ppc64": {
            "version": "0.18.3",
            "resolved": "https://registry.npmjs.org/@esbuild/linux-ppc64/-/linux-ppc64-0.18.3.tgz",
            "integrity": "sha512-t7zK1Cheh0xvzfZbimztiE0wGnpV+YRsBg3tefcEBN3O4GzgLu6fFpA5HxEyVm3hHZW1jAC4OhoGEp7C5Ii6Eg==",
            "optional": true
        },
        "@esbuild/linux-riscv64": {
            "version": "0.18.3",
            "resolved": "https://registry.npmjs.org/@esbuild/linux-riscv64/-/linux-riscv64-0.18.3.tgz",
            "integrity": "sha512-fUZPtyCYih6y4lDYdSM4Yoax4nS7aH0/XixJStys+9tfp5cAlIAZhEVKOOdeGXmQn0IEyiUtlIsPnfObbeDQfQ==",
            "optional": true
        },
        "@esbuild/linux-s390x": {
            "version": "0.18.3",
            "resolved": "https://registry.npmjs.org/@esbuild/linux-s390x/-/linux-s390x-0.18.3.tgz",
            "integrity": "sha512-oIcK2LqHWqfMERqjvaKJ3QJmycHn723HsXIv5gH4iGfmePfSj+gi0ZQv2h4bHUg2bs2gJtV0DlIjGhEuvdgxLw==",
            "optional": true
        },
        "@esbuild/linux-x64": {
            "version": "0.18.3",
            "resolved": "https://registry.npmjs.org/@esbuild/linux-x64/-/linux-x64-0.18.3.tgz",
            "integrity": "sha512-RW9lpfZ6XZ6f5to2DJPvt0f/4RXEW229Xf++quVoW+YbnPrcapIJChtD/AmZ8cK3hglO/hXxJjs21pV0/l7L5w==",
            "optional": true
        },
        "@esbuild/netbsd-x64": {
            "version": "0.18.3",
            "resolved": "https://registry.npmjs.org/@esbuild/netbsd-x64/-/netbsd-x64-0.18.3.tgz",
            "integrity": "sha512-piZ2oBoaq58pKZvhgdV6PemlL30Uhd9GmmOkIGZYgChwNcyVSSl6iMEJxMzU7x44Lk9q+hJ6a343M/iVEMEvxA==",
            "optional": true
        },
        "@esbuild/openbsd-x64": {
            "version": "0.18.3",
            "resolved": "https://registry.npmjs.org/@esbuild/openbsd-x64/-/openbsd-x64-0.18.3.tgz",
            "integrity": "sha512-vaMfouYTz/4tKdQsXDccqhV6wgPEr+hfuxdNU5Pl/vQxYTsqcXv5DYEa5Z1RAxCoua5aEB+Uj5V7VT/bM92wxw==",
            "optional": true
        },
        "@esbuild/sunos-x64": {
            "version": "0.18.3",
            "resolved": "https://registry.npmjs.org/@esbuild/sunos-x64/-/sunos-x64-0.18.3.tgz",
            "integrity": "sha512-Fa3rNQQ9q1qwy9u2cdDvuGKy3jmPnPPMDdyy/qbn5d395Pb9hjLYiPzX9BozXMPJDlCNofSY7jN3miM9gyAdHA==",
            "optional": true
        },
        "@esbuild/win32-arm64": {
            "version": "0.18.3",
            "resolved": "https://registry.npmjs.org/@esbuild/win32-arm64/-/win32-arm64-0.18.3.tgz",
            "integrity": "sha512-LPJC8ub+9uzyC6ygVmp00dAqet1q1DsZ/OldGIIBt+y+Ctd1OfnKNlzQgXK8nxwY1G8fAhklFSeSRRgAUJnR0w==",
            "optional": true
        },
        "@esbuild/win32-ia32": {
            "version": "0.18.3",
            "resolved": "https://registry.npmjs.org/@esbuild/win32-ia32/-/win32-ia32-0.18.3.tgz",
            "integrity": "sha512-WtUyRspyxZR6NTc2HG4xd9Wvz8lP4C6OUY1gAqisrf151HvXIxsK0mfAacFJNS7EN2wvPTgjP+SM8vgBOx5+zA==",
            "optional": true
        },
        "@esbuild/win32-x64": {
            "version": "0.18.3",
            "resolved": "https://registry.npmjs.org/@esbuild/win32-x64/-/win32-x64-0.18.3.tgz",
            "integrity": "sha512-Z8qCK4BkBm40j5KUM4NrkxYQS0R12cBO1NBVtI4vws6uwh1n/VaNu31Hm+n2cJUWdFbfH57PBghkhm9yLgmPfw==",
            "optional": true
        },
        "@sutton-signwriting/core": {
            "version": "1.6.0",
            "resolved": "https://registry.npmjs.org/@sutton-signwriting/core/-/core-1.6.0.tgz",
            "integrity": "sha512-w4saQd4A9mnAvbrMWMARZwezmtMK82N9pwMUFByJeitkmz/3dknRk1fSCvIvLOl6ENnSP0ZaxFG2v1g/ZugD4w=="
        },
        "@sutton-signwriting/font-ttf": {
            "version": "1.5.2",
            "resolved": "https://registry.npmjs.org/@sutton-signwriting/font-ttf/-/font-ttf-1.5.2.tgz",
            "integrity": "sha512-7HxmpE8d2PJD4xUJNn0quOfzqBsaIkvEkgsh7CpEs+7xRRwi0OdLeba0R2RR9NBzX0gKFCwzNn8ufqYNR3D8Dg==",
            "requires": {
                "@sutton-signwriting/core": "^1.5.6"
            }
        },
        "ansi-sequence-parser": {
            "version": "1.1.0",
            "resolved": "https://registry.npmjs.org/ansi-sequence-parser/-/ansi-sequence-parser-1.1.0.tgz",
            "integrity": "sha512-lEm8mt52to2fT8GhciPCGeCXACSz2UwIN4X2e2LJSnZ5uAbn2/dsYdOmUXq0AtWS5cpAupysIneExOgH0Vd2TQ==",
            "dev": true
        },
        "balanced-match": {
            "version": "1.0.2",
            "resolved": "https://registry.npmjs.org/balanced-match/-/balanced-match-1.0.2.tgz",
            "integrity": "sha512-3oSeUO0TMV67hN1AmbXsK4yaqU7tjiHlbxRDZOpH0KW9+CeX4bRAaX0Anxt0tx2MrpRpWwQaPwIlISEJhYU5Pw==",
            "dev": true
        },
        "cssmin": {
            "version": "0.4.3",
            "resolved": "https://registry.npmjs.org/cssmin/-/cssmin-0.4.3.tgz",
            "integrity": "sha512-A0hOtBUV5dPB/gRKsLZsqoyeFHuKIWCXdumFdsK/0nlhwK1NRZHwtm0svdTA4uEpixZD+o0xs7MirNsG2X1JBg==",
            "dev": true
        },
        "esbuild": {
            "version": "0.18.3",
            "resolved": "https://registry.npmjs.org/esbuild/-/esbuild-0.18.3.tgz",
            "integrity": "sha512-eadWJC4CRpj93+miO5ZBlvCv+m2x6pzyNBznTvUeLFObMmxs1IMd8cCf6qiDVEZuDL6W8W7u+ZNW3GKEfOdDsA==",
            "requires": {
                "@esbuild/android-arm": "0.18.3",
                "@esbuild/android-arm64": "0.18.3",
                "@esbuild/android-x64": "0.18.3",
                "@esbuild/darwin-arm64": "0.18.3",
                "@esbuild/darwin-x64": "0.18.3",
                "@esbuild/freebsd-arm64": "0.18.3",
                "@esbuild/freebsd-x64": "0.18.3",
                "@esbuild/linux-arm": "0.18.3",
                "@esbuild/linux-arm64": "0.18.3",
                "@esbuild/linux-ia32": "0.18.3",
                "@esbuild/linux-loong64": "0.18.3",
                "@esbuild/linux-mips64el": "0.18.3",
                "@esbuild/linux-ppc64": "0.18.3",
                "@esbuild/linux-riscv64": "0.18.3",
                "@esbuild/linux-s390x": "0.18.3",
                "@esbuild/linux-x64": "0.18.3",
                "@esbuild/netbsd-x64": "0.18.3",
                "@esbuild/openbsd-x64": "0.18.3",
                "@esbuild/sunos-x64": "0.18.3",
                "@esbuild/win32-arm64": "0.18.3",
                "@esbuild/win32-ia32": "0.18.3",
                "@esbuild/win32-x64": "0.18.3"
            }
        },
        "immediate": {
            "version": "3.0.6",
            "resolved": "https://registry.npmjs.org/immediate/-/immediate-3.0.6.tgz",
            "integrity": "sha512-XXOFtyqDjNDAQxVfYxuF7g9Il/IbWmmlQg2MYKOH8ExIT1qg6xc4zyS3HaEEATgs1btfzxq15ciUiY7gjSXRGQ==",
            "dev": true
        },
        "jsonc-parser": {
            "version": "3.2.0",
            "resolved": "https://registry.npmjs.org/jsonc-parser/-/jsonc-parser-3.2.0.tgz",
            "integrity": "sha512-gfFQZrcTc8CnKXp6Y4/CBT3fTc0OVuDofpre4aEeEpSBPV5X5v4+Vmx+8snU7RLPrNHPKSgLxGo9YuQzz20o+w==",
            "dev": true
        },
        "lie": {
            "version": "3.1.1",
            "resolved": "https://registry.npmjs.org/lie/-/lie-3.1.1.tgz",
            "integrity": "sha512-RiNhHysUjhrDQntfYSfY4MU24coXXdEOgw9WGcKHNeEwffDYbF//u87M1EWaMGzuFoSbqW0C9C6lEEhDOAswfw==",
            "dev": true,
            "requires": {
                "immediate": "~3.0.5"
            }
        },
        "localforage": {
            "version": "1.10.0",
            "resolved": "https://registry.npmjs.org/localforage/-/localforage-1.10.0.tgz",
            "integrity": "sha512-14/H1aX7hzBBmmh7sGPd+AOMkkIrHM3Z1PAyGgZigA1H1p5O5ANnMyWzvpAETtG68/dC4pC0ncy3+PPGzXZHPg==",
            "dev": true,
            "requires": {
                "lie": "3.1.1"
            }
        },
        "lunr": {
            "version": "2.3.9",
            "resolved": "https://registry.npmjs.org/lunr/-/lunr-2.3.9.tgz",
            "integrity": "sha512-zTU3DaZaF3Rt9rhN3uBMGQD3dD2/vFQqnvZCDv4dl5iOzq2IZQqTxu90r4E5J+nP70J3ilqVCrbho2eWaeW8Ow==",
            "dev": true
        },
        "marked": {
            "version": "4.3.0",
            "resolved": "https://registry.npmjs.org/marked/-/marked-4.3.0.tgz",
            "integrity": "sha512-PRsaiG84bK+AMvxziE/lCFss8juXjNaWzVbN5tXAm4XjeaS9NAHhop+PjQxz2A9h8Q4M/xGmzP8vqNwy6JeK0A==",
            "dev": true
        },
        "shiki": {
            "version": "0.14.2",
            "resolved": "https://registry.npmjs.org/shiki/-/shiki-0.14.2.tgz",
            "integrity": "sha512-ltSZlSLOuSY0M0Y75KA+ieRaZ0Trf5Wl3gutE7jzLuIcWxLp5i/uEnLoQWNvgKXQ5OMpGkJnVMRLAuzjc0LJ2A==",
            "dev": true,
            "requires": {
                "ansi-sequence-parser": "^1.1.0",
                "jsonc-parser": "^3.2.0",
                "vscode-oniguruma": "^1.7.0",
                "vscode-textmate": "^8.0.0"
            }
        },
        "typedoc": {
            "version": "0.24.8",
            "resolved": "https://registry.npmjs.org/typedoc/-/typedoc-0.24.8.tgz",
            "integrity": "sha512-ahJ6Cpcvxwaxfu4KtjA8qZNqS43wYt6JL27wYiIgl1vd38WW/KWX11YuAeZhuz9v+ttrutSsgK+XO1CjL1kA3w==",
            "dev": true,
            "requires": {
                "lunr": "^2.3.9",
                "marked": "^4.3.0",
                "minimatch": "^9.0.0",
                "shiki": "^0.14.1"
            },
            "dependencies": {
                "brace-expansion": {
                    "version": "2.0.1",
                    "resolved": "https://registry.npmjs.org/brace-expansion/-/brace-expansion-2.0.1.tgz",
                    "integrity": "sha512-XnAIvQ8eM+kC6aULx6wuQiwVsnzsi9d3WxzV3FpWTGA19F621kwdbsAcFKXgKUHZWsy+mY6iL1sHTxWEFCytDA==",
                    "dev": true,
                    "requires": {
                        "balanced-match": "^1.0.0"
                    }
                },
                "minimatch": {
                    "version": "9.0.1",
                    "resolved": "https://registry.npmjs.org/minimatch/-/minimatch-9.0.1.tgz",
                    "integrity": "sha512-0jWhJpD/MdhPXwPuiRkCbfYfSKp2qnn2eOc279qI7f+osl/l+prKSrvhg157zSYvx/1nmgn2NqdT6k2Z7zSH9w==",
                    "dev": true,
                    "requires": {
                        "brace-expansion": "^2.0.1"
                    }
                }
            }
        },
        "typescript": {
            "version": "5.1.3",
            "resolved": "https://registry.npmjs.org/typescript/-/typescript-5.1.3.tgz",
            "integrity": "sha512-XH627E9vkeqhlZFQuL+UsyAXEnibT0kWR2FWONlr4sTjvxyJYnyefgrkyECLzM5NenmKzRAy2rR/OlYLA1HkZw=="
        },
        "vscode-oniguruma": {
            "version": "1.7.0",
            "resolved": "https://registry.npmjs.org/vscode-oniguruma/-/vscode-oniguruma-1.7.0.tgz",
            "integrity": "sha512-L9WMGRfrjOhgHSdOYgCt/yRMsXzLDJSL7BPrOZt73gU0iWO4mpqzqQzOz5srxqTvMBaR0XZTSrVWo4j55Rc6cA==",
            "dev": true
        },
        "vscode-textmate": {
            "version": "8.0.0",
            "resolved": "https://registry.npmjs.org/vscode-textmate/-/vscode-textmate-8.0.0.tgz",
            "integrity": "sha512-AFbieoL7a5LMqcnOF04ji+rpXadgOXnZsxQr//r83kLPr7biP7am3g9zbaZIaBGwBRWeSvoMD4mgPdX3e4NWBg==",
            "dev": true
        }
    }
}
